// !$*UTF8*$!
{
	archiveVersion = 1;
	classes = {
	};
	objectVersion = 50;
	objects = {

/* Begin PBXBuildFile section */
		52ABCF6025013DD3009046D4 /* AppDelegate.swift in Sources */ = {isa = PBXBuildFile; fileRef = 52ABCF5F25013DD3009046D4 /* AppDelegate.swift */; };
		52ABCF6225013DD3009046D4 /* SceneDelegate.swift in Sources */ = {isa = PBXBuildFile; fileRef = 52ABCF6125013DD3009046D4 /* SceneDelegate.swift */; };
		52ABCF6425013DD3009046D4 /* ViewController.swift in Sources */ = {isa = PBXBuildFile; fileRef = 52ABCF6325013DD3009046D4 /* ViewController.swift */; };
		52ABCF6725013DD3009046D4 /* Main.storyboard in Resources */ = {isa = PBXBuildFile; fileRef = 52ABCF6525013DD3009046D4 /* Main.storyboard */; };
		52ABCF6925013DD7009046D4 /* Assets.xcassets in Resources */ = {isa = PBXBuildFile; fileRef = 52ABCF6825013DD7009046D4 /* Assets.xcassets */; };
		52ABCF6C25013DD7009046D4 /* LaunchScreen.storyboard in Resources */ = {isa = PBXBuildFile; fileRef = 52ABCF6A25013DD7009046D4 /* LaunchScreen.storyboard */; };
		52ABCF7725013DD8009046D4 /* TipCalculatorTests.swift in Sources */ = {isa = PBXBuildFile; fileRef = 52ABCF7625013DD8009046D4 /* TipCalculatorTests.swift */; };
		52ABCF8225013DD8009046D4 /* TipCalculatorUITests.swift in Sources */ = {isa = PBXBuildFile; fileRef = 52ABCF8125013DD8009046D4 /* TipCalculatorUITests.swift */; };
		52ABCF9225015691009046D4 /* SettingsViewController.swift in Sources */ = {isa = PBXBuildFile; fileRef = 52ABCF9125015691009046D4 /* SettingsViewController.swift */; };
/* End PBXBuildFile section */

/* Begin PBXContainerItemProxy section */
		52ABCF7325013DD8009046D4 /* PBXContainerItemProxy */ = {
			isa = PBXContainerItemProxy;
			containerPortal = 52ABCF5425013DD3009046D4 /* Project object */;
			proxyType = 1;
			remoteGlobalIDString = 52ABCF5B25013DD3009046D4;
			remoteInfo = TipCalculator;
		};
		52ABCF7E25013DD8009046D4 /* PBXContainerItemProxy */ = {
			isa = PBXContainerItemProxy;
			containerPortal = 52ABCF5425013DD3009046D4 /* Project object */;
			proxyType = 1;
			remoteGlobalIDString = 52ABCF5B25013DD3009046D4;
			remoteInfo = TipCalculator;
		};
/* End PBXContainerItemProxy section */

/* Begin PBXFileReference section */
		52ABCF5C25013DD3009046D4 /* TipCalculator.app */ = {isa = PBXFileReference; explicitFileType = wrapper.application; includeInIndex = 0; path = TipCalculator.app; sourceTree = BUILT_PRODUCTS_DIR; };
		52ABCF5F25013DD3009046D4 /* AppDelegate.swift */ = {isa = PBXFileReference; lastKnownFileType = sourcecode.swift; path = AppDelegate.swift; sourceTree = "<group>"; };
		52ABCF6125013DD3009046D4 /* SceneDelegate.swift */ = {isa = PBXFileReference; lastKnownFileType = sourcecode.swift; path = SceneDelegate.swift; sourceTree = "<group>"; };
		52ABCF6325013DD3009046D4 /* ViewController.swift */ = {isa = PBXFileReference; lastKnownFileType = sourcecode.swift; path = ViewController.swift; sourceTree = "<group>"; };
		52ABCF6625013DD3009046D4 /* Base */ = {isa = PBXFileReference; lastKnownFileType = file.storyboard; name = Base; path = Base.lproj/Main.storyboard; sourceTree = "<group>"; };
		52ABCF6825013DD7009046D4 /* Assets.xcassets */ = {isa = PBXFileReference; lastKnownFileType = folder.assetcatalog; path = Assets.xcassets; sourceTree = "<group>"; };
		52ABCF6B25013DD7009046D4 /* Base */ = {isa = PBXFileReference; lastKnownFileType = file.storyboard; name = Base; path = Base.lproj/LaunchScreen.storyboard; sourceTree = "<group>"; };
		52ABCF6D25013DD7009046D4 /* Info.plist */ = {isa = PBXFileReference; lastKnownFileType = text.plist.xml; path = Info.plist; sourceTree = "<group>"; };
		52ABCF7225013DD8009046D4 /* TipCalculatorTests.xctest */ = {isa = PBXFileReference; explicitFileType = wrapper.cfbundle; includeInIndex = 0; path = TipCalculatorTests.xctest; sourceTree = BUILT_PRODUCTS_DIR; };
		52ABCF7625013DD8009046D4 /* TipCalculatorTests.swift */ = {isa = PBXFileReference; lastKnownFileType = sourcecode.swift; path = TipCalculatorTests.swift; sourceTree = "<group>"; };
		52ABCF7825013DD8009046D4 /* Info.plist */ = {isa = PBXFileReference; lastKnownFileType = text.plist.xml; path = Info.plist; sourceTree = "<group>"; };
		52ABCF7D25013DD8009046D4 /* TipCalculatorUITests.xctest */ = {isa = PBXFileReference; explicitFileType = wrapper.cfbundle; includeInIndex = 0; path = TipCalculatorUITests.xctest; sourceTree = BUILT_PRODUCTS_DIR; };
		52ABCF8125013DD8009046D4 /* TipCalculatorUITests.swift */ = {isa = PBXFileReference; lastKnownFileType = sourcecode.swift; path = TipCalculatorUITests.swift; sourceTree = "<group>"; };
		52ABCF8325013DD8009046D4 /* Info.plist */ = {isa = PBXFileReference; lastKnownFileType = text.plist.xml; path = Info.plist; sourceTree = "<group>"; };
		52ABCF9125015691009046D4 /* SettingsViewController.swift */ = {isa = PBXFileReference; lastKnownFileType = sourcecode.swift; path = SettingsViewController.swift; sourceTree = "<group>"; };
/* End PBXFileReference section */

/* Begin PBXFrameworksBuildPhase section */
		52ABCF5925013DD3009046D4 /* Frameworks */ = {
			isa = PBXFrameworksBuildPhase;
			buildActionMask = 2147483647;
			files = (
			);
			runOnlyForDeploymentPostprocessing = 0;
		};
		52ABCF6F25013DD8009046D4 /* Frameworks */ = {
			isa = PBXFrameworksBuildPhase;
			buildActionMask = 2147483647;
			files = (
			);
			runOnlyForDeploymentPostprocessing = 0;
		};
		52ABCF7A25013DD8009046D4 /* Frameworks */ = {
			isa = PBXFrameworksBuildPhase;
			buildActionMask = 2147483647;
			files = (
			);
			runOnlyForDeploymentPostprocessing = 0;
		};
/* End PBXFrameworksBuildPhase section */

/* Begin PBXGroup section */
		52ABCF5325013DD3009046D4 = {
			isa = PBXGroup;
			children = (
				52ABCF5E25013DD3009046D4 /* TipCalculator */,
				52ABCF7525013DD8009046D4 /* TipCalculatorTests */,
				52ABCF8025013DD8009046D4 /* TipCalculatorUITests */,
				52ABCF5D25013DD3009046D4 /* Products */,
			);
			sourceTree = "<group>";
		};
		52ABCF5D25013DD3009046D4 /* Products */ = {
			isa = PBXGroup;
			children = (
				52ABCF5C25013DD3009046D4 /* TipCalculator.app */,
				52ABCF7225013DD8009046D4 /* TipCalculatorTests.xctest */,
				52ABCF7D25013DD8009046D4 /* TipCalculatorUITests.xctest */,
			);
			name = Products;
			sourceTree = "<group>";
		};
		52ABCF5E25013DD3009046D4 /* TipCalculator */ = {
			isa = PBXGroup;
			children = (
				52ABCF5F25013DD3009046D4 /* AppDelegate.swift */,
				52ABCF6125013DD3009046D4 /* SceneDelegate.swift */,
				52ABCF6325013DD3009046D4 /* ViewController.swift */,
				52ABCF6525013DD3009046D4 /* Main.storyboard */,
				52ABCF6825013DD7009046D4 /* Assets.xcassets */,
				52ABCF6A25013DD7009046D4 /* LaunchScreen.storyboard */,
				52ABCF6D25013DD7009046D4 /* Info.plist */,
				52ABCF9125015691009046D4 /* SettingsViewController.swift */,
			);
			path = TipCalculator;
			sourceTree = "<group>";
		};
		52ABCF7525013DD8009046D4 /* TipCalculatorTests */ = {
			isa = PBXGroup;
			children = (
				52ABCF7625013DD8009046D4 /* TipCalculatorTests.swift */,
				52ABCF7825013DD8009046D4 /* Info.plist */,
			);
			path = TipCalculatorTests;
			sourceTree = "<group>";
		};
		52ABCF8025013DD8009046D4 /* TipCalculatorUITests */ = {
			isa = PBXGroup;
			children = (
				52ABCF8125013DD8009046D4 /* TipCalculatorUITests.swift */,
				52ABCF8325013DD8009046D4 /* Info.plist */,
			);
			path = TipCalculatorUITests;
			sourceTree = "<group>";
		};
/* End PBXGroup section */

/* Begin PBXNativeTarget section */
		52ABCF5B25013DD3009046D4 /* TipCalculator */ = {
			isa = PBXNativeTarget;
			buildConfigurationList = 52ABCF8625013DD8009046D4 /* Build configuration list for PBXNativeTarget "TipCalculator" */;
			buildPhases = (
				52ABCF5825013DD3009046D4 /* Sources */,
				52ABCF5925013DD3009046D4 /* Frameworks */,
				52ABCF5A25013DD3009046D4 /* Resources */,
			);
			buildRules = (
			);
			dependencies = (
			);
			name = TipCalculator;
			productName = TipCalculator;
			productReference = 52ABCF5C25013DD3009046D4 /* TipCalculator.app */;
			productType = "com.apple.product-type.application";
		};
		52ABCF7125013DD8009046D4 /* TipCalculatorTests */ = {
			isa = PBXNativeTarget;
			buildConfigurationList = 52ABCF8925013DD8009046D4 /* Build configuration list for PBXNativeTarget "TipCalculatorTests" */;
			buildPhases = (
				52ABCF6E25013DD8009046D4 /* Sources */,
				52ABCF6F25013DD8009046D4 /* Frameworks */,
				52ABCF7025013DD8009046D4 /* Resources */,
			);
			buildRules = (
			);
			dependencies = (
				52ABCF7425013DD8009046D4 /* PBXTargetDependency */,
			);
			name = TipCalculatorTests;
			productName = TipCalculatorTests;
			productReference = 52ABCF7225013DD8009046D4 /* TipCalculatorTests.xctest */;
			productType = "com.apple.product-type.bundle.unit-test";
		};
		52ABCF7C25013DD8009046D4 /* TipCalculatorUITests */ = {
			isa = PBXNativeTarget;
			buildConfigurationList = 52ABCF8C25013DD8009046D4 /* Build configuration list for PBXNativeTarget "TipCalculatorUITests" */;
			buildPhases = (
				52ABCF7925013DD8009046D4 /* Sources */,
				52ABCF7A25013DD8009046D4 /* Frameworks */,
				52ABCF7B25013DD8009046D4 /* Resources */,
			);
			buildRules = (
			);
			dependencies = (
				52ABCF7F25013DD8009046D4 /* PBXTargetDependency */,
			);
			name = TipCalculatorUITests;
			productName = TipCalculatorUITests;
			productReference = 52ABCF7D25013DD8009046D4 /* TipCalculatorUITests.xctest */;
			productType = "com.apple.product-type.bundle.ui-testing";
		};
/* End PBXNativeTarget section */

/* Begin PBXProject section */
		52ABCF5425013DD3009046D4 /* Project object */ = {
			isa = PBXProject;
			attributes = {
				LastSwiftUpdateCheck = 1160;
				LastUpgradeCheck = 1160;
				ORGANIZATIONNAME = "Peggie Liang";
				TargetAttributes = {
					52ABCF5B25013DD3009046D4 = {
						CreatedOnToolsVersion = 11.6;
					};
					52ABCF7125013DD8009046D4 = {
						CreatedOnToolsVersion = 11.6;
						TestTargetID = 52ABCF5B25013DD3009046D4;
					};
					52ABCF7C25013DD8009046D4 = {
						CreatedOnToolsVersion = 11.6;
						TestTargetID = 52ABCF5B25013DD3009046D4;
					};
				};
			};
			buildConfigurationList = 52ABCF5725013DD3009046D4 /* Build configuration list for PBXProject "TipCalculator" */;
			compatibilityVersion = "Xcode 9.3";
			developmentRegion = en;
			hasScannedForEncodings = 0;
			knownRegions = (
				en,
				Base,
			);
			mainGroup = 52ABCF5325013DD3009046D4;
			productRefGroup = 52ABCF5D25013DD3009046D4 /* Products */;
			projectDirPath = "";
			projectRoot = "";
			targets = (
				52ABCF5B25013DD3009046D4 /* TipCalculator */,
				52ABCF7125013DD8009046D4 /* TipCalculatorTests */,
				52ABCF7C25013DD8009046D4 /* TipCalculatorUITests */,
			);
		};
/* End PBXProject section */

/* Begin PBXResourcesBuildPhase section */
		52ABCF5A25013DD3009046D4 /* Resources */ = {
			isa = PBXResourcesBuildPhase;
			buildActionMask = 2147483647;
			files = (
				52ABCF6C25013DD7009046D4 /* LaunchScreen.storyboard in Resources */,
				52ABCF6925013DD7009046D4 /* Assets.xcassets in Resources */,
				52ABCF6725013DD3009046D4 /* Main.storyboard in Resources */,
			);
			runOnlyForDeploymentPostprocessing = 0;
		};
		52ABCF7025013DD8009046D4 /* Resources */ = {
			isa = PBXResourcesBuildPhase;
			buildActionMask = 2147483647;
			files = (
			);
			runOnlyForDeploymentPostprocessing = 0;
		};
		52ABCF7B25013DD8009046D4 /* Resources */ = {
			isa = PBXResourcesBuildPhase;
			buildActionMask = 2147483647;
			files = (
			);
			runOnlyForDeploymentPostprocessing = 0;
		};
/* End PBXResourcesBuildPhase section */

/* Begin PBXSourcesBuildPhase section */
		52ABCF5825013DD3009046D4 /* Sources */ = {
			isa = PBXSourcesBuildPhase;
			buildActionMask = 2147483647;
			files = (
				52ABCF6425013DD3009046D4 /* ViewController.swift in Sources */,
				52ABCF6025013DD3009046D4 /* AppDelegate.swift in Sources */,
				52ABCF6225013DD3009046D4 /* SceneDelegate.swift in Sources */,
				52ABCF9225015691009046D4 /* SettingsViewController.swift in Sources */,
			);
			runOnlyForDeploymentPostprocessing = 0;
		};
		52ABCF6E25013DD8009046D4 /* Sources */ = {
			isa = PBXSourcesBuildPhase;
			buildActionMask = 2147483647;
			files = (
				52ABCF7725013DD8009046D4 /* TipCalculatorTests.swift in Sources */,
			);
			runOnlyForDeploymentPostprocessing = 0;
		};
		52ABCF7925013DD8009046D4 /* Sources */ = {
			isa = PBXSourcesBuildPhase;
			buildActionMask = 2147483647;
			files = (
				52ABCF8225013DD8009046D4 /* TipCalculatorUITests.swift in Sources */,
			);
			runOnlyForDeploymentPostprocessing = 0;
		};
/* End PBXSourcesBuildPhase section */

/* Begin PBXTargetDependency section */
		52ABCF7425013DD8009046D4 /* PBXTargetDependency */ = {
			isa = PBXTargetDependency;
			target = 52ABCF5B25013DD3009046D4 /* TipCalculator */;
			targetProxy = 52ABCF7325013DD8009046D4 /* PBXContainerItemProxy */;
		};
		52ABCF7F25013DD8009046D4 /* PBXTargetDependency */ = {
			isa = PBXTargetDependency;
			target = 52ABCF5B25013DD3009046D4 /* TipCalculator */;
			targetProxy = 52ABCF7E25013DD8009046D4 /* PBXContainerItemProxy */;
		};
/* End PBXTargetDependency section */

/* Begin PBXVariantGroup section */
		52ABCF6525013DD3009046D4 /* Main.storyboard */ = {
			isa = PBXVariantGroup;
			children = (
				52ABCF6625013DD3009046D4 /* Base */,
			);
			name = Main.storyboard;
			sourceTree = "<group>";
		};
		52ABCF6A25013DD7009046D4 /* LaunchScreen.storyboard */ = {
			isa = PBXVariantGroup;
			children = (
				52ABCF6B25013DD7009046D4 /* Base */,
			);
			name = LaunchScreen.storyboard;
			sourceTree = "<group>";
		};
/* End PBXVariantGroup section */

/* Begin XCBuildConfiguration section */
		52ABCF8425013DD8009046D4 /* Debug */ = {
			isa = XCBuildConfiguration;
			buildSettings = {
				ALWAYS_SEARCH_USER_PATHS = NO;
				CLANG_ANALYZER_NONNULL = YES;
				CLANG_ANALYZER_NUMBER_OBJECT_CONVERSION = YES_AGGRESSIVE;
				CLANG_CXX_LANGUAGE_STANDARD = "gnu++14";
				CLANG_CXX_LIBRARY = "libc++";
				CLANG_ENABLE_MODULES = YES;
				CLANG_ENABLE_OBJC_ARC = YES;
				CLANG_ENABLE_OBJC_WEAK = YES;
				CLANG_WARN_BLOCK_CAPTURE_AUTORELEASING = YES;
				CLANG_WARN_BOOL_CONVERSION = YES;
				CLANG_WARN_COMMA = YES;
				CLANG_WARN_CONSTANT_CONVERSION = YES;
				CLANG_WARN_DEPRECATED_OBJC_IMPLEMENTATIONS = YES;
				CLANG_WARN_DIRECT_OBJC_ISA_USAGE = YES_ERROR;
				CLANG_WARN_DOCUMENTATION_COMMENTS = YES;
				CLANG_WARN_EMPTY_BODY = YES;
				CLANG_WARN_ENUM_CONVERSION = YES;
				CLANG_WARN_INFINITE_RECURSION = YES;
				CLANG_WARN_INT_CONVERSION = YES;
				CLANG_WARN_NON_LITERAL_NULL_CONVERSION = YES;
				CLANG_WARN_OBJC_IMPLICIT_RETAIN_SELF = YES;
				CLANG_WARN_OBJC_LITERAL_CONVERSION = YES;
				CLANG_WARN_OBJC_ROOT_CLASS = YES_ERROR;
				CLANG_WARN_RANGE_LOOP_ANALYSIS = YES;
				CLANG_WARN_STRICT_PROTOTYPES = YES;
				CLANG_WARN_SUSPICIOUS_MOVE = YES;
				CLANG_WARN_UNGUARDED_AVAILABILITY = YES_AGGRESSIVE;
				CLANG_WARN_UNREACHABLE_CODE = YES;
				CLANG_WARN__DUPLICATE_METHOD_MATCH = YES;
				COPY_PHASE_STRIP = NO;
				DEBUG_INFORMATION_FORMAT = dwarf;
				ENABLE_STRICT_OBJC_MSGSEND = YES;
				ENABLE_TESTABILITY = YES;
				GCC_C_LANGUAGE_STANDARD = gnu11;
				GCC_DYNAMIC_NO_PIC = NO;
				GCC_NO_COMMON_BLOCKS = YES;
				GCC_OPTIMIZATION_LEVEL = 0;
				GCC_PREPROCESSOR_DEFINITIONS = (
					"DEBUG=1",
					"$(inherited)",
				);
				GCC_WARN_64_TO_32_BIT_CONVERSION = YES;
				GCC_WARN_ABOUT_RETURN_TYPE = YES_ERROR;
				GCC_WARN_UNDECLARED_SELECTOR = YES;
				GCC_WARN_UNINITIALIZED_AUTOS = YES_AGGRESSIVE;
				GCC_WARN_UNUSED_FUNCTION = YES;
				GCC_WARN_UNUSED_VARIABLE = YES;
				IPHONEOS_DEPLOYMENT_TARGET = 13.6;
				MTL_ENABLE_DEBUG_INFO = INCLUDE_SOURCE;
				MTL_FAST_MATH = YES;
				ONLY_ACTIVE_ARCH = YES;
				SDKROOT = iphoneos;
				SWIFT_ACTIVE_COMPILATION_CONDITIONS = DEBUG;
				SWIFT_OPTIMIZATION_LEVEL = "-Onone";
			};
			name = Debug;
		};
		52ABCF8525013DD8009046D4 /* Release */ = {
			isa = XCBuildConfiguration;
			buildSettings = {
				ALWAYS_SEARCH_USER_PATHS = NO;
				CLANG_ANALYZER_NONNULL = YES;
				CLANG_ANALYZER_NUMBER_OBJECT_CONVERSION = YES_AGGRESSIVE;
				CLANG_CXX_LANGUAGE_STANDARD = "gnu++14";
				CLANG_CXX_LIBRARY = "libc++";
				CLANG_ENABLE_MODULES = YES;
				CLANG_ENABLE_OBJC_ARC = YES;
				CLANG_ENABLE_OBJC_WEAK = YES;
				CLANG_WARN_BLOCK_CAPTURE_AUTORELEASING = YES;
				CLANG_WARN_BOOL_CONVERSION = YES;
				CLANG_WARN_COMMA = YES;
				CLANG_WARN_CONSTANT_CONVERSION = YES;
				CLANG_WARN_DEPRECATED_OBJC_IMPLEMENTATIONS = YES;
				CLANG_WARN_DIRECT_OBJC_ISA_USAGE = YES_ERROR;
				CLANG_WARN_DOCUMENTATION_COMMENTS = YES;
				CLANG_WARN_EMPTY_BODY = YES;
				CLANG_WARN_ENUM_CONVERSION = YES;
				CLANG_WARN_INFINITE_RECURSION = YES;
				CLANG_WARN_INT_CONVERSION = YES;
				CLANG_WARN_NON_LITERAL_NULL_CONVERSION = YES;
				CLANG_WARN_OBJC_IMPLICIT_RETAIN_SELF = YES;
				CLANG_WARN_OBJC_LITERAL_CONVERSION = YES;
				CLANG_WARN_OBJC_ROOT_CLASS = YES_ERROR;
				CLANG_WARN_RANGE_LOOP_ANALYSIS = YES;
				CLANG_WARN_STRICT_PROTOTYPES = YES;
				CLANG_WARN_SUSPICIOUS_MOVE = YES;
				CLANG_WARN_UNGUARDED_AVAILABILITY = YES_AGGRESSIVE;
				CLANG_WARN_UNREACHABLE_CODE = YES;
				CLANG_WARN__DUPLICATE_METHOD_MATCH = YES;
				COPY_PHASE_STRIP = NO;
				DEBUG_INFORMATION_FORMAT = "dwarf-with-dsym";
				ENABLE_NS_ASSERTIONS = NO;
				ENABLE_STRICT_OBJC_MSGSEND = YES;
				GCC_C_LANGUAGE_STANDARD = gnu11;
				GCC_NO_COMMON_BLOCKS = YES;
				GCC_WARN_64_TO_32_BIT_CONVERSION = YES;
				GCC_WARN_ABOUT_RETURN_TYPE = YES_ERROR;
				GCC_WARN_UNDECLARED_SELECTOR = YES;
				GCC_WARN_UNINITIALIZED_AUTOS = YES_AGGRESSIVE;
				GCC_WARN_UNUSED_FUNCTION = YES;
				GCC_WARN_UNUSED_VARIABLE = YES;
				IPHONEOS_DEPLOYMENT_TARGET = 13.6;
				MTL_ENABLE_DEBUG_INFO = NO;
				MTL_FAST_MATH = YES;
				SDKROOT = iphoneos;
				SWIFT_COMPILATION_MODE = wholemodule;
				SWIFT_OPTIMIZATION_LEVEL = "-O";
				VALIDATE_PRODUCT = YES;
			};
			name = Release;
		};
		52ABCF8725013DD8009046D4 /* Debug */ = {
			isa = XCBuildConfiguration;
			buildSettings = {
				ASSETCATALOG_COMPILER_APPICON_NAME = AppIcon;
				CODE_SIGN_STYLE = Automatic;
				INFOPLIST_FILE = TipCalculator/Info.plist;
				LD_RUNPATH_SEARCH_PATHS = (
					"$(inherited)",
					"@executable_path/Frameworks",
				);
				PRODUCT_BUNDLE_IDENTIFIER = Peggie.TipCalculator;
				PRODUCT_NAME = "$(TARGET_NAME)";
				SWIFT_VERSION = 5.0;
				TARGETED_DEVICE_FAMILY = "1,2";
			};
			name = Debug;
		};
		52ABCF8825013DD8009046D4 /* Release */ = {
			isa = XCBuildConfiguration;
			buildSettings = {
				ASSETCATALOG_COMPILER_APPICON_NAME = AppIcon;
				CODE_SIGN_STYLE = Automatic;
				INFOPLIST_FILE = TipCalculator/Info.plist;
				LD_RUNPATH_SEARCH_PATHS = (
					"$(inherited)",
					"@executable_path/Frameworks",
				);
				PRODUCT_BUNDLE_IDENTIFIER = Peggie.TipCalculator;
				PRODUCT_NAME = "$(TARGET_NAME)";
				SWIFT_VERSION = 5.0;
				TARGETED_DEVICE_FAMILY = "1,2";
			};
			name = Release;
		};
		52ABCF8A25013DD8009046D4 /* Debug */ = {
			isa = XCBuildConfiguration;
			buildSettings = {
				ALWAYS_EMBED_SWIFT_STANDARD_LIBRARIES = YES;
				BUNDLE_LOADER = "$(TEST_HOST)";
				CODE_SIGN_STYLE = Automatic;
				INFOPLIST_FILE = TipCalculatorTests/Info.plist;
				IPHONEOS_DEPLOYMENT_TARGET = 13.6;
				LD_RUNPATH_SEARCH_PATHS = (
					"$(inherited)",
					"@executable_path/Frameworks",
					"@loader_path/Frameworks",
				);
				PRODUCT_BUNDLE_IDENTIFIER = Peggie.TipCalculatorTests;
				PRODUCT_NAME = "$(TARGET_NAME)";
				SWIFT_VERSION = 5.0;
				TARGETED_DEVICE_FAMILY = "1,2";
				TEST_HOST = "$(BUILT_PRODUCTS_DIR)/TipCalculator.app/TipCalculator";
			};
			name = Debug;
		};
		52ABCF8B25013DD8009046D4 /* Release */ = {
			isa = XCBuildConfiguration;
			buildSettings = {
				ALWAYS_EMBED_SWIFT_STANDARD_LIBRARIES = YES;
				BUNDLE_LOADER = "$(TEST_HOST)";
				CODE_SIGN_STYLE = Automatic;
				INFOPLIST_FILE = TipCalculatorTests/Info.plist;
				IPHONEOS_DEPLOYMENT_TARGET = 13.6;
				LD_RUNPATH_SEARCH_PATHS = (
					"$(inherited)",
					"@executable_path/Frameworks",
					"@loader_path/Frameworks",
				);
				PRODUCT_BUNDLE_IDENTIFIER = Peggie.TipCalculatorTests;
				PRODUCT_NAME = "$(TARGET_NAME)";
				SWIFT_VERSION = 5.0;
				TARGETED_DEVICE_FAMILY = "1,2";
				TEST_HOST = "$(BUILT_PRODUCTS_DIR)/TipCalculator.app/TipCalculator";
			};
			name = Release;
		};
		52ABCF8D25013DD8009046D4 /* Debug */ = {
			isa = XCBuildConfiguration;
			buildSettings = {
				ALWAYS_EMBED_SWIFT_STANDARD_LIBRARIES = YES;
				CODE_SIGN_STYLE = Automatic;
				INFOPLIST_FILE = TipCalculatorUITests/Info.plist;
				LD_RUNPATH_SEARCH_PATHS = (
					"$(inherited)",
					"@executable_path/Frameworks",
					"@loader_path/Frameworks",
				);
				PRODUCT_BUNDLE_IDENTIFIER = Peggie.TipCalculatorUITests;
				PRODUCT_NAME = "$(TARGET_NAME)";
				SWIFT_VERSION = 5.0;
				TARGETED_DEVICE_FAMILY = "1,2";
				TEST_TARGET_NAME = TipCalculator;
			};
			name = Debug;
		};
		52ABCF8E25013DD8009046D4 /* Release */ = {
			isa = XCBuildConfiguration;
			buildSettings = {
				ALWAYS_EMBED_SWIFT_STANDARD_LIBRARIES = YES;
				CODE_SIGN_STYLE = Automatic;
				INFOPLIST_FILE = TipCalculatorUITests/Info.plist;
				LD_RUNPATH_SEARCH_PATHS = (
					"$(inherited)",
					"@executable_path/Frameworks",
					"@loader_path/Frameworks",
				);
				PRODUCT_BUNDLE_IDENTIFIER = Peggie.TipCalculatorUITests;
				PRODUCT_NAME = "$(TARGET_NAME)";
				SWIFT_VERSION = 5.0;
				TARGETED_DEVICE_FAMILY = "1,2";
				TEST_TARGET_NAME = TipCalculator;
			};
			name = Release;
		};
/* End XCBuildConfiguration section */

/* Begin XCConfigurationList section */
		52ABCF5725013DD3009046D4 /* Build configuration list for PBXProject "TipCalculator" */ = {
			isa = XCConfigurationList;
			buildConfigurations = (
				52ABCF8425013DD8009046D4 /* Debug */,
				52ABCF8525013DD8009046D4 /* Release */,
			);
			defaultConfigurationIsVisible = 0;
			defaultConfigurationName = Release;
		};
		52ABCF8625013DD8009046D4 /* Build configuration list for PBXNativeTarget "TipCalculator" */ = {
			isa = XCConfigurationList;
			buildConfigurations = (
				52ABCF8725013DD8009046D4 /* Debug */,
				52ABCF8825013DD8009046D4 /* Release */,
			);
			defaultConfigurationIsVisible = 0;
			defaultConfigurationName = Release;
		};
		52ABCF8925013DD8009046D4 /* Build configuration list for PBXNativeTarget "TipCalculatorTests" */ = {
			isa = XCConfigurationList;
			buildConfigurations = (
				52ABCF8A25013DD8009046D4 /* Debug */,
				52ABCF8B25013DD8009046D4 /* Release */,
			);
			defaultConfigurationIsVisible = 0;
			defaultConfigurationName = Release;
		};
		52ABCF8C25013DD8009046D4 /* Build configuration list for PBXNativeTarget "TipCalculatorUITests" */ = {
			isa = XCConfigurationList;
			buildConfigurations = (
				52ABCF8D25013DD8009046D4 /* Debug */,
				52ABCF8E25013DD8009046D4 /* Release */,
			);
			defaultConfigurationIsVisible = 0;
			defaultConfigurationName = Release;
		};
/* End XCConfigurationList section */
	};
	rootObject = 52ABCF5425013DD3009046D4 /* Project object */;
}
